
Microsoft Visual Studio Solution File, Format Version 12.00
# Visual Studio Version 16
VisualStudioVersion = 16.0.31105.61
MinimumVisualStudioVersion = 10.0.40219.1
Project("{FAE04EC0-301F-11D3-BF4B-00C04F79EFBC}") = "graff", "graff\graff.csproj", "{F451B7F6-8034-40C2-98D7-99A02C8FBC82}"
EndProject
Global
	GlobalSection(SolutionConfigurationPlatforms) = preSolution
		Debug|Any CPU = Debug|Any CPU
		Release|Any CPU = Release|Any CPU
	EndGlobalSection
	GlobalSection(ProjectConfigurationPlatforms) = postSolution
		{F451B7F6-8034-40C2-98D7-99A02C8FBC82}.Debug|Any CPU.ActiveCfg = Debug|Any CPU
		{F451B7F6-8034-40C2-98D7-99A02C8FBC82}.Debug|Any CPU.Build.0 = Debug|Any CPU
		{F451B7F6-8034-40C2-98D7-99A02C8FBC82}.Release|Any CPU.ActiveCfg = Release|Any CPU
		{F451B7F6-8034-40C2-98D7-99A02C8FBC82}.Release|Any CPU.Build.0 = Release|Any CPU
	EndGlobalSection
	GlobalSection(SolutionProperties) = preSolution
		HideSolutionNode = FALSE
	EndGlobalSection
	GlobalSection(ExtensibilityGlobals) = postSolution
		SolutionGuid = {AD9175F0-75D2-4A3C-962E-1B7EF57817B6}
	EndGlobalSection
EndGlobal
